
Microsoft Visual Studio Solution File, Format Version 12.00
# Visual Studio 15
VisualStudioVersion = 15.0.27130.2010
MinimumVisualStudioVersion = 10.0.40219.1
Project("{9A19103F-16F7-4668-BE54-9A1E7A4F7556}") = "CustomerManagementAPI", "CustomerManagementAPI\CustomerManagementAPI.csproj", "{23FFDCA6-B3B1-41D9-8576-8F2B62004B0D}"
EndProject
Project("{E53339B2-1760-4266-BCC7-CA923CBCF16C}") = "docker-compose", "docker-compose.dcproj", "{D9673DAA-082C-4565-BA1D-AB61512D9D27}"
EndProject
Project("{9A19103F-16F7-4668-BE54-9A1E7A4F7556}") = "Infrastructure", "Infrastructure\Infrastructure.csproj", "{D58B1DE3-589C-435F-9953-494D7B5318D8}"
EndProject
Project("{9A19103F-16F7-4668-BE54-9A1E7A4F7556}") = "ProductManagementAPI", "ProductManagementAPI\ProductManagementAPI.csproj", "{7E7853C6-F144-4325-AADC-A3790BBBBAF0}"
EndProject
Project("{9A19103F-16F7-4668-BE54-9A1E7A4F7556}") = "ShopManagementAPI", "ShopManagementAPI\ShopManagementAPI.csproj", "{911F34CE-7F32-4653-8C14-0B607BD7B58A}"
EndProject
Project("{9A19103F-16F7-4668-BE54-9A1E7A4F7556}") = "ShopManagement.UnitTests", "ShopManagement.UnitTests\ShopManagement.UnitTests.csproj", "{5DC83823-E054-4CD7-8249-CB964EC15E04}"
EndProject
Project("{9A19103F-16F7-4668-BE54-9A1E7A4F7556}") = "CustomerManagment.UnitTests", "CustomerManagment.UnitTests\CustomerManagment.UnitTests.csproj", "{2B5780A2-23CB-48CD-9CE5-2605F2902919}"
EndProject
Global
	GlobalSection(SolutionConfigurationPlatforms) = preSolution
		Debug|Any CPU = Debug|Any CPU
		Debug|x64 = Debug|x64
		Release|Any CPU = Release|Any CPU
		Release|x64 = Release|x64
	EndGlobalSection
	GlobalSection(ProjectConfigurationPlatforms) = postSolution
		{23FFDCA6-B3B1-41D9-8576-8F2B62004B0D}.Debug|Any CPU.ActiveCfg = Debug|Any CPU
		{23FFDCA6-B3B1-41D9-8576-8F2B62004B0D}.Debug|Any CPU.Build.0 = Debug|Any CPU
		{23FFDCA6-B3B1-41D9-8576-8F2B62004B0D}.Debug|x64.ActiveCfg = Debug|Any CPU
		{23FFDCA6-B3B1-41D9-8576-8F2B62004B0D}.Debug|x64.Build.0 = Debug|Any CPU
		{23FFDCA6-B3B1-41D9-8576-8F2B62004B0D}.Release|Any CPU.ActiveCfg = Release|Any CPU
		{23FFDCA6-B3B1-41D9-8576-8F2B62004B0D}.Release|Any CPU.Build.0 = Release|Any CPU
		{23FFDCA6-B3B1-41D9-8576-8F2B62004B0D}.Release|x64.ActiveCfg = Release|Any CPU
		{23FFDCA6-B3B1-41D9-8576-8F2B62004B0D}.Release|x64.Build.0 = Release|Any CPU
		{D9673DAA-082C-4565-BA1D-AB61512D9D27}.Debug|Any CPU.ActiveCfg = Debug|Any CPU
		{D9673DAA-082C-4565-BA1D-AB61512D9D27}.Debug|Any CPU.Build.0 = Debug|Any CPU
		{D9673DAA-082C-4565-BA1D-AB61512D9D27}.Debug|x64.ActiveCfg = Debug|x64
		{D9673DAA-082C-4565-BA1D-AB61512D9D27}.Debug|x64.Build.0 = Debug|x64
		{D9673DAA-082C-4565-BA1D-AB61512D9D27}.Release|Any CPU.ActiveCfg = Release|Any CPU
		{D9673DAA-082C-4565-BA1D-AB61512D9D27}.Release|Any CPU.Build.0 = Release|Any CPU
		{D9673DAA-082C-4565-BA1D-AB61512D9D27}.Release|x64.ActiveCfg = Release|x64
		{D9673DAA-082C-4565-BA1D-AB61512D9D27}.Release|x64.Build.0 = Release|x64
		{D58B1DE3-589C-435F-9953-494D7B5318D8}.Debug|Any CPU.ActiveCfg = Debug|Any CPU
		{D58B1DE3-589C-435F-9953-494D7B5318D8}.Debug|Any CPU.Build.0 = Debug|Any CPU
		{D58B1DE3-589C-435F-9953-494D7B5318D8}.Debug|x64.ActiveCfg = Debug|x64
		{D58B1DE3-589C-435F-9953-494D7B5318D8}.Debug|x64.Build.0 = Debug|x64
		{D58B1DE3-589C-435F-9953-494D7B5318D8}.Release|Any CPU.ActiveCfg = Release|Any CPU
		{D58B1DE3-589C-435F-9953-494D7B5318D8}.Release|Any CPU.Build.0 = Release|Any CPU
		{D58B1DE3-589C-435F-9953-494D7B5318D8}.Release|x64.ActiveCfg = Release|x64
		{D58B1DE3-589C-435F-9953-494D7B5318D8}.Release|x64.Build.0 = Release|x64
		{7E7853C6-F144-4325-AADC-A3790BBBBAF0}.Debug|Any CPU.ActiveCfg = Debug|Any CPU
		{7E7853C6-F144-4325-AADC-A3790BBBBAF0}.Debug|Any CPU.Build.0 = Debug|Any CPU
		{7E7853C6-F144-4325-AADC-A3790BBBBAF0}.Debug|x64.ActiveCfg = Debug|x64
		{7E7853C6-F144-4325-AADC-A3790BBBBAF0}.Debug|x64.Build.0 = Debug|x64
		{7E7853C6-F144-4325-AADC-A3790BBBBAF0}.Release|Any CPU.ActiveCfg = Release|Any CPU
		{7E7853C6-F144-4325-AADC-A3790BBBBAF0}.Release|Any CPU.Build.0 = Release|Any CPU
		{7E7853C6-F144-4325-AADC-A3790BBBBAF0}.Release|x64.ActiveCfg = Release|x64
		{7E7853C6-F144-4325-AADC-A3790BBBBAF0}.Release|x64.Build.0 = Release|x64
		{911F34CE-7F32-4653-8C14-0B607BD7B58A}.Debug|Any CPU.ActiveCfg = Debug|Any CPU
		{911F34CE-7F32-4653-8C14-0B607BD7B58A}.Debug|Any CPU.Build.0 = Debug|Any CPU
		{911F34CE-7F32-4653-8C14-0B607BD7B58A}.Debug|x64.ActiveCfg = Debug|x64
		{911F34CE-7F32-4653-8C14-0B607BD7B58A}.Debug|x64.Build.0 = Debug|x64
		{911F34CE-7F32-4653-8C14-0B607BD7B58A}.Release|Any CPU.ActiveCfg = Release|Any CPU
		{911F34CE-7F32-4653-8C14-0B607BD7B58A}.Release|Any CPU.Build.0 = Release|Any CPU
		{911F34CE-7F32-4653-8C14-0B607BD7B58A}.Release|x64.ActiveCfg = Release|x64
		{911F34CE-7F32-4653-8C14-0B607BD7B58A}.Release|x64.Build.0 = Release|x64
		{5DC83823-E054-4CD7-8249-CB964EC15E04}.Debug|Any CPU.ActiveCfg = Debug|Any CPU
		{5DC83823-E054-4CD7-8249-CB964EC15E04}.Debug|Any CPU.Build.0 = Debug|Any CPU
		{5DC83823-E054-4CD7-8249-CB964EC15E04}.Debug|x64.ActiveCfg = Debug|x64
		{5DC83823-E054-4CD7-8249-CB964EC15E04}.Debug|x64.Build.0 = Debug|x64
		{5DC83823-E054-4CD7-8249-CB964EC15E04}.Release|Any CPU.ActiveCfg = Release|Any CPU
		{5DC83823-E054-4CD7-8249-CB964EC15E04}.Release|Any CPU.Build.0 = Release|Any CPU
		{5DC83823-E054-4CD7-8249-CB964EC15E04}.Release|x64.ActiveCfg = Release|x64
		{5DC83823-E054-4CD7-8249-CB964EC15E04}.Release|x64.Build.0 = Release|x64
		{2B5780A2-23CB-48CD-9CE5-2605F2902919}.Debug|Any CPU.ActiveCfg = Debug|Any CPU
		{2B5780A2-23CB-48CD-9CE5-2605F2902919}.Debug|Any CPU.Build.0 = Debug|Any CPU
		{2B5780A2-23CB-48CD-9CE5-2605F2902919}.Debug|x64.ActiveCfg = Debug|x64
		{2B5780A2-23CB-48CD-9CE5-2605F2902919}.Debug|x64.Build.0 = Debug|x64
		{2B5780A2-23CB-48CD-9CE5-2605F2902919}.Release|Any CPU.ActiveCfg = Release|Any CPU
		{2B5780A2-23CB-48CD-9CE5-2605F2902919}.Release|Any CPU.Build.0 = Release|Any CPU
		{2B5780A2-23CB-48CD-9CE5-2605F2902919}.Release|x64.ActiveCfg = Release|x64
		{2B5780A2-23CB-48CD-9CE5-2605F2902919}.Release|x64.Build.0 = Release|x64
	EndGlobalSection
	GlobalSection(SolutionProperties) = preSolution
		HideSolutionNode = FALSE
	EndGlobalSection
	GlobalSection(ExtensibilityGlobals) = postSolution
		SolutionGuid = {C307ABDE-39F8-4CA7-A902-4F7AC90191C6}
	EndGlobalSection
EndGlobal
