
Microsoft Visual Studio Solution File, Format Version 12.00
# Visual Studio 15
VisualStudioVersion = 15.0.27130.2010
MinimumVisualStudioVersion = 10.0.40219.1
Project("{9A19103F-16F7-4668-BE54-9A1E7A4F7556}") = "CustomerManagementAPI", "CustomerManagementAPI\CustomerManagementAPI.csproj", "{23FFDCA6-B3B1-41D9-8576-8F2B62004B0D}"
EndProject
Project("{E53339B2-1760-4266-BCC7-CA923CBCF16C}") = "docker-compose", "docker-compose.dcproj", "{D9673DAA-082C-4565-BA1D-AB61512D9D27}"
EndProject
Project("{9A19103F-16F7-4668-BE54-9A1E7A4F7556}") = "Infrastructure", "BlackYellow.Infrastructure\Infrastructure.csproj", "{A3597A54-31A8-45F5-963E-64902FC7F359}"
EndProject
Global
	GlobalSection(SolutionConfigurationPlatforms) = preSolution
		Debug|Any CPU = Debug|Any CPU
		Release|Any CPU = Release|Any CPU
	EndGlobalSection
	GlobalSection(ProjectConfigurationPlatforms) = postSolution
		{23FFDCA6-B3B1-41D9-8576-8F2B62004B0D}.Debug|Any CPU.ActiveCfg = Debug|Any CPU
		{23FFDCA6-B3B1-41D9-8576-8F2B62004B0D}.Debug|Any CPU.Build.0 = Debug|Any CPU
		{23FFDCA6-B3B1-41D9-8576-8F2B62004B0D}.Release|Any CPU.ActiveCfg = Release|Any CPU
		{23FFDCA6-B3B1-41D9-8576-8F2B62004B0D}.Release|Any CPU.Build.0 = Release|Any CPU
		{D9673DAA-082C-4565-BA1D-AB61512D9D27}.Debug|Any CPU.ActiveCfg = Debug|Any CPU
		{D9673DAA-082C-4565-BA1D-AB61512D9D27}.Debug|Any CPU.Build.0 = Debug|Any CPU
		{D9673DAA-082C-4565-BA1D-AB61512D9D27}.Release|Any CPU.ActiveCfg = Release|Any CPU
		{D9673DAA-082C-4565-BA1D-AB61512D9D27}.Release|Any CPU.Build.0 = Release|Any CPU
		{A3597A54-31A8-45F5-963E-64902FC7F359}.Debug|Any CPU.ActiveCfg = Debug|Any CPU
		{A3597A54-31A8-45F5-963E-64902FC7F359}.Debug|Any CPU.Build.0 = Debug|Any CPU
		{A3597A54-31A8-45F5-963E-64902FC7F359}.Release|Any CPU.ActiveCfg = Release|Any CPU
		{A3597A54-31A8-45F5-963E-64902FC7F359}.Release|Any CPU.Build.0 = Release|Any CPU
	EndGlobalSection
	GlobalSection(SolutionProperties) = preSolution
		HideSolutionNode = FALSE
	EndGlobalSection
	GlobalSection(ExtensibilityGlobals) = postSolution
		SolutionGuid = {C307ABDE-39F8-4CA7-A902-4F7AC90191C6}
	EndGlobalSection
EndGlobal
